# THIS IS AN AUTOGENERATED FILE. DO NOT EDIT THIS FILE DIRECTLY.
# yarn lockfile v1


"@cloudflare/workers-types@^4.20241218.0":
  version "4.20241218.0"
  resolved "https://registry.yarnpkg.com/@cloudflare/workers-types/-/workers-types-4.20241218.0.tgz#05ba65449306db07082d45ef9ad16a984cc81e5e"
  integrity sha512-Y0brjmJHcAZBXOPI7lU5hbiXglQWniA1kQjot2ata+HFimyjPPcz+4QWBRrmWcMPo0OadR2Vmac7WStDLpvz0w==

hono@^4.6.14:
  version "4.6.14"
  resolved "https://registry.yarnpkg.com/hono/-/hono-4.6.14.tgz#f83f51e81b8ae5611dab459570990bf4c977d20c"
  integrity sha512-j4VkyUp2xazGJ8eCCLN1Vm/bxdvm/j5ZuU9AIjLu9vapn2M44p9L3Ktr9Vnb2RN2QtcR/wVjZVMlT5k7GJQgPw==

itty-router@^5.0.18:
  version "5.0.18"
  resolved "https://registry.yarnpkg.com/itty-router/-/itty-router-5.0.18.tgz#d2ba2e751c364c78178604fac598b5072325b412"
  integrity sha512-mK3ReOt4ARAGy0V0J7uHmArG2USN2x0zprZ+u+YgmeRjXTDbaowDy3kPcsmQY6tH+uHhDgpWit9Vqmv/4rTXwA==

secure-compare@^3.0.1:
  version "3.0.1"
  resolved "https://registry.yarnpkg.com/secure-compare/-/secure-compare-3.0.1.tgz#f1a0329b308b221fae37b9974f3d578d0ca999e3"
  integrity sha512-AckIIV90rPDcBcglUwXPF3kg0P0qmPsPXAj6BBEENQE1p5yA1xfmDJzfi1Tappj37Pv2mVbKpL3Z1T+Nn7k1Qw==

typescript@^5.7.2:
  version "5.7.2"
  resolved "https://registry.yarnpkg.com/typescript/-/typescript-5.7.2.tgz#3169cf8c4c8a828cde53ba9ecb3d2b1d5dd67be6"
  integrity sha512-i5t66RHxDvVN40HfDd1PsEThGNnlMCMT3jMUuoh9/0TaqWevNontacunWyN02LA9/fIbEWlcHZcgTKb9QoaLfg==
